version = 1
revision = 3
requires-python = ">=3.13"

[[package]]
name = "doppelganger"
version = "0.1.0"
source = { virtual = "." }
dependencies = [
    { name = "slack-bolt" },
]

[package.metadata]
requires-dist = [{ name = "slack-bolt", specifier = ">=1.27.0" }]

[[package]]
name = "slack-bolt"
version = "1.27.0"
source = { registry = "https://pypi.org/simple" }
dependencies = [
    { name = "slack-sdk" },
]
sdist = { url = "https://files.pythonhosted.org/packages/4c/28/50ed0b86e48b48e6ddcc71de93b91c8ac14a55d1249e4bff0586494a2f90/slack_bolt-1.27.0.tar.gz", hash = "sha256:3db91d64e277e176a565c574ae82748aa8554f19e41a4fceadca4d65374ce1e0", size = 129101, upload-time = "2025-11-13T20:17:46.878Z" }
wheels = [
    { url = "https://files.pythonhosted.org/packages/01/a8/1acb355759747ba4da5f45c1a33d641994b9e04b914908c9434f18bd97e8/slack_bolt-1.27.0-py2.py3-none-any.whl", hash = "sha256:c43c94bf34740f2adeb9b55566c83f1e73fed6ba2878bd346cdfd6fd8ad22360", size = 230428, upload-time = "2025-11-13T20:17:45.465Z" },
]

[[package]]
name = "slack-sdk"
version = "3.39.0"
source = { registry = "https://pypi.org/simple" }
sdist = { url = "https://files.pythonhosted.org/packages/b6/dd/645f3eb93fce38eadbb649e85684730b1fc3906c2674ca59bddc2ca2bd2e/slack_sdk-3.39.0.tar.gz", hash = "sha256:6a56be10dc155c436ff658c6b776e1c082e29eae6a771fccf8b0a235822bbcb1", size = 247207, upload-time = "2025-11-20T15:27:57.556Z" }
wheels = [
    { url = "https://files.pythonhosted.org/packages/ef/1f/32bcf088e535c1870b1a1f2e3b916129c66fdfe565a793316317241d41e5/slack_sdk-3.39.0-py2.py3-none-any.whl", hash = "sha256:b1556b2f5b8b12b94e5ea3f56c4f2c7f04462e4e1013d325c5764ff118044fa8", size = 309850, upload-time = "2025-11-20T15:27:55.729Z" },
]
